
Microsoft Visual Studio Solution File, Format Version 12.00
# Visual Studio Version 17
VisualStudioVersion = 17.13.35806.99 d17.13
MinimumVisualStudioVersion = 10.0.40219.1
Project("{FAE04EC0-301F-11D3-BF4B-00C04F79EFBC}") = "LojmanYonetimi", "LojmanYonetimi\LojmanYonetimi.csproj", "{F1DF3675-99FA-4778-A397-EFC1C4AE4104}"
EndProject
Global
	GlobalSection(SolutionConfigurationPlatforms) = preSolution
		Debug|Any CPU = Debug|Any CPU
		Release|Any CPU = Release|Any CPU
	EndGlobalSection
	GlobalSection(ProjectConfigurationPlatforms) = postSolution
		{F1DF3675-99FA-4778-A397-EFC1C4AE4104}.Debug|Any CPU.ActiveCfg = Debug|Any CPU
		{F1DF3675-99FA-4778-A397-EFC1C4AE4104}.Debug|Any CPU.Build.0 = Debug|Any CPU
		{F1DF3675-99FA-4778-A397-EFC1C4AE4104}.Release|Any CPU.ActiveCfg = Release|Any CPU
		{F1DF3675-99FA-4778-A397-EFC1C4AE4104}.Release|Any CPU.Build.0 = Release|Any CPU
	EndGlobalSection
	GlobalSection(SolutionProperties) = preSolution
		HideSolutionNode = FALSE
	EndGlobalSection
	GlobalSection(ExtensibilityGlobals) = postSolution
		SolutionGuid = {1F3783E7-FCA1-4A8F-A401-EA2242D57AF8}
	EndGlobalSection
EndGlobal
